// !$*UTF8*$!
{
	archiveVersion = 1;
	classes = {
	};
	objectVersion = 50;
	objects = {

/* Begin PBXBuildFile section */
		0192E761C08BDF7384ABC673 /* Pods_emergencycallalipanhwar.framework in Frameworks */ = {isa = PBXBuildFile; fileRef = 9A5F0CE470169296BF6B7CAF /* Pods_emergencycallalipanhwar.framework */; };
		2C7684E21ACF373D7E2DD974 /* Pods_emergencycallalipanhwarTests.framework in Frameworks */ = {isa = PBXBuildFile; fileRef = B4C661A39D95D913B267FA44 /* Pods_emergencycallalipanhwarTests.framework */; };
		929799E3722E77EC68F93B52 /* Pods_emergencycallalipanhwarUITests.framework in Frameworks */ = {isa = PBXBuildFile; fileRef = B53B8F2C471AFB209B121288 /* Pods_emergencycallalipanhwarUITests.framework */; };
		9E07B29A20B2A8B0000AADD0 /* AppDelegate.swift in Sources */ = {isa = PBXBuildFile; fileRef = 9E07B29920B2A8B0000AADD0 /* AppDelegate.swift */; };
		9E07B29C20B2A8B0000AADD0 /* ViewController.swift in Sources */ = {isa = PBXBuildFile; fileRef = 9E07B29B20B2A8B0000AADD0 /* ViewController.swift */; };
		9E07B29F20B2A8B0000AADD0 /* Main.storyboard in Resources */ = {isa = PBXBuildFile; fileRef = 9E07B29D20B2A8B0000AADD0 /* Main.storyboard */; };
		9E07B2A120B2A8B4000AADD0 /* Assets.xcassets in Resources */ = {isa = PBXBuildFile; fileRef = 9E07B2A020B2A8B4000AADD0 /* Assets.xcassets */; };
		9E07B2A420B2A8B4000AADD0 /* LaunchScreen.storyboard in Resources */ = {isa = PBXBuildFile; fileRef = 9E07B2A220B2A8B4000AADD0 /* LaunchScreen.storyboard */; };
		9E07B2AF20B2A8B4000AADD0 /* emergencycallalipanhwarTests.swift in Sources */ = {isa = PBXBuildFile; fileRef = 9E07B2AE20B2A8B4000AADD0 /* emergencycallalipanhwarTests.swift */; };
		9E07B2BA20B2A8B4000AADD0 /* emergencycallalipanhwarUITests.swift in Sources */ = {isa = PBXBuildFile; fileRef = 9E07B2B920B2A8B4000AADD0 /* emergencycallalipanhwarUITests.swift */; };
		9E07B2CA20B2C7DB000AADD0 /* countryselectionViewController.swift in Sources */ = {isa = PBXBuildFile; fileRef = 9E07B2C920B2C7DB000AADD0 /* countryselectionViewController.swift */; };
		9E36312720BD693A00F382A7 /* HistoryViewController.swift in Sources */ = {isa = PBXBuildFile; fileRef = 9E36312620BD693A00F382A7 /* HistoryViewController.swift */; };
		9E4CE61A210067E200146824 /* AmbulanceArrivedViewController.swift in Sources */ = {isa = PBXBuildFile; fileRef = 9E4CE619210067E200146824 /* AmbulanceArrivedViewController.swift */; };
		9E61CEF420EE322900008766 /* EmergencyRequestViewController.swift in Sources */ = {isa = PBXBuildFile; fileRef = 9E61CEF320EE322900008766 /* EmergencyRequestViewController.swift */; };
		9E727AE620B559C500165659 /* SignUpViewController.swift in Sources */ = {isa = PBXBuildFile; fileRef = 9E727AE520B559C500165659 /* SignUpViewController.swift */; };
		9E7DB7A920C69DEC0089B95F /* DrowerViewController.swift in Sources */ = {isa = PBXBuildFile; fileRef = 9E7DB7A820C69DEC0089B95F /* DrowerViewController.swift */; };
		9E8B4FB820EA1FD9004B12C4 /* ProfileViewController.swift in Sources */ = {isa = PBXBuildFile; fileRef = 9E8B4FB720EA1FD9004B12C4 /* ProfileViewController.swift */; };
		9E94652B20B6916F00CC501A /* MapViewController.swift in Sources */ = {isa = PBXBuildFile; fileRef = 9E94652A20B6916F00CC501A /* MapViewController.swift */; };
		9E94652D20B69FC100CC501A /* CoreLocation.framework in Frameworks */ = {isa = PBXBuildFile; fileRef = 9E94652C20B69FC100CC501A /* CoreLocation.framework */; };
		9E99BA4620B41AD600BB5B90 /* verifiationViewController.swift in Sources */ = {isa = PBXBuildFile; fileRef = 9E99BA4520B41AD600BB5B90 /* verifiationViewController.swift */; };
		9E99BA4820B41D8500BB5B90 /* GoogleService-Info.plist in Resources */ = {isa = PBXBuildFile; fileRef = 9E99BA4720B41D8500BB5B90 /* GoogleService-Info.plist */; };
/* End PBXBuildFile section */

/* Begin PBXContainerItemProxy section */
		9E07B2AB20B2A8B4000AADD0 /* PBXContainerItemProxy */ = {
			isa = PBXContainerItemProxy;
			containerPortal = 9E07B28E20B2A8AF000AADD0 /* Project object */;
			proxyType = 1;
			remoteGlobalIDString = 9E07B29520B2A8AF000AADD0;
			remoteInfo = emergencycallalipanhwar;
		};
		9E07B2B620B2A8B4000AADD0 /* PBXContainerItemProxy */ = {
			isa = PBXContainerItemProxy;
			containerPortal = 9E07B28E20B2A8AF000AADD0 /* Project object */;
			proxyType = 1;
			remoteGlobalIDString = 9E07B29520B2A8AF000AADD0;
			remoteInfo = emergencycallalipanhwar;
		};
/* End PBXContainerItemProxy section */

/* Begin PBXFileReference section */
		1C8D21FDC0F634EED2E6147C /* Pods-emergencycallalipanhwarUITests.release.xcconfig */ = {isa = PBXFileReference; includeInIndex = 1; lastKnownFileType = text.xcconfig; name = "Pods-emergencycallalipanhwarUITests.release.xcconfig"; path = "Pods/Target Support Files/Pods-emergencycallalipanhwarUITests/Pods-emergencycallalipanhwarUITests.release.xcconfig"; sourceTree = "<group>"; };
		52F77DA403C273FF7D19B3ED /* Pods-emergencycallalipanhwarTests.release.xcconfig */ = {isa = PBXFileReference; includeInIndex = 1; lastKnownFileType = text.xcconfig; name = "Pods-emergencycallalipanhwarTests.release.xcconfig"; path = "Pods/Target Support Files/Pods-emergencycallalipanhwarTests/Pods-emergencycallalipanhwarTests.release.xcconfig"; sourceTree = "<group>"; };
		6E63B3180119FA9B401B957B /* Pods-emergencycallalipanhwarUITests.debug.xcconfig */ = {isa = PBXFileReference; includeInIndex = 1; lastKnownFileType = text.xcconfig; name = "Pods-emergencycallalipanhwarUITests.debug.xcconfig"; path = "Pods/Target Support Files/Pods-emergencycallalipanhwarUITests/Pods-emergencycallalipanhwarUITests.debug.xcconfig"; sourceTree = "<group>"; };
		9A5F0CE470169296BF6B7CAF /* Pods_emergencycallalipanhwar.framework */ = {isa = PBXFileReference; explicitFileType = wrapper.framework; includeInIndex = 0; path = Pods_emergencycallalipanhwar.framework; sourceTree = BUILT_PRODUCTS_DIR; };
		9E07B29620B2A8B0000AADD0 /* emergencycallalipanhwar.app */ = {isa = PBXFileReference; explicitFileType = wrapper.application; includeInIndex = 0; path = emergencycallalipanhwar.app; sourceTree = BUILT_PRODUCTS_DIR; };
		9E07B29920B2A8B0000AADD0 /* AppDelegate.swift */ = {isa = PBXFileReference; lastKnownFileType = sourcecode.swift; path = AppDelegate.swift; sourceTree = "<group>"; };
		9E07B29B20B2A8B0000AADD0 /* ViewController.swift */ = {isa = PBXFileReference; lastKnownFileType = sourcecode.swift; path = ViewController.swift; sourceTree = "<group>"; };
		9E07B29E20B2A8B0000AADD0 /* Base */ = {isa = PBXFileReference; lastKnownFileType = file.storyboard; name = Base; path = Base.lproj/Main.storyboard; sourceTree = "<group>"; };
		9E07B2A020B2A8B4000AADD0 /* Assets.xcassets */ = {isa = PBXFileReference; lastKnownFileType = folder.assetcatalog; path = Assets.xcassets; sourceTree = "<group>"; };
		9E07B2A320B2A8B4000AADD0 /* Base */ = {isa = PBXFileReference; lastKnownFileType = file.storyboard; name = Base; path = Base.lproj/LaunchScreen.storyboard; sourceTree = "<group>"; };
		9E07B2A520B2A8B4000AADD0 /* Info.plist */ = {isa = PBXFileReference; lastKnownFileType = text.plist.xml; path = Info.plist; sourceTree = "<group>"; };
		9E07B2AA20B2A8B4000AADD0 /* emergencycallalipanhwarTests.xctest */ = {isa = PBXFileReference; explicitFileType = wrapper.cfbundle; includeInIndex = 0; path = emergencycallalipanhwarTests.xctest; sourceTree = BUILT_PRODUCTS_DIR; };
		9E07B2AE20B2A8B4000AADD0 /* emergencycallalipanhwarTests.swift */ = {isa = PBXFileReference; lastKnownFileType = sourcecode.swift; path = emergencycallalipanhwarTests.swift; sourceTree = "<group>"; };
		9E07B2B020B2A8B4000AADD0 /* Info.plist */ = {isa = PBXFileReference; lastKnownFileType = text.plist.xml; path = Info.plist; sourceTree = "<group>"; };
		9E07B2B520B2A8B4000AADD0 /* emergencycallalipanhwarUITests.xctest */ = {isa = PBXFileReference; explicitFileType = wrapper.cfbundle; includeInIndex = 0; path = emergencycallalipanhwarUITests.xctest; sourceTree = BUILT_PRODUCTS_DIR; };
		9E07B2B920B2A8B4000AADD0 /* emergencycallalipanhwarUITests.swift */ = {isa = PBXFileReference; lastKnownFileType = sourcecode.swift; path = emergencycallalipanhwarUITests.swift; sourceTree = "<group>"; };
		9E07B2BB20B2A8B4000AADD0 /* Info.plist */ = {isa = PBXFileReference; lastKnownFileType = text.plist.xml; path = Info.plist; sourceTree = "<group>"; };
		9E07B2C920B2C7DB000AADD0 /* countryselectionViewController.swift */ = {isa = PBXFileReference; lastKnownFileType = sourcecode.swift; path = countryselectionViewController.swift; sourceTree = "<group>"; };
		9E36312620BD693A00F382A7 /* HistoryViewController.swift */ = {isa = PBXFileReference; lastKnownFileType = sourcecode.swift; path = HistoryViewController.swift; sourceTree = "<group>"; };
		9E4CE619210067E200146824 /* AmbulanceArrivedViewController.swift */ = {isa = PBXFileReference; lastKnownFileType = sourcecode.swift; path = AmbulanceArrivedViewController.swift; sourceTree = "<group>"; };
		9E61CEF320EE322900008766 /* EmergencyRequestViewController.swift */ = {isa = PBXFileReference; lastKnownFileType = sourcecode.swift; path = EmergencyRequestViewController.swift; sourceTree = "<group>"; };
		9E727AE520B559C500165659 /* SignUpViewController.swift */ = {isa = PBXFileReference; lastKnownFileType = sourcecode.swift; path = SignUpViewController.swift; sourceTree = "<group>"; };
		9E7DB7A820C69DEC0089B95F /* DrowerViewController.swift */ = {isa = PBXFileReference; lastKnownFileType = sourcecode.swift; path = DrowerViewController.swift; sourceTree = "<group>"; };
		9E8B4FB720EA1FD9004B12C4 /* ProfileViewController.swift */ = {isa = PBXFileReference; lastKnownFileType = sourcecode.swift; path = ProfileViewController.swift; sourceTree = "<group>"; };
		9E94652A20B6916F00CC501A /* MapViewController.swift */ = {isa = PBXFileReference; lastKnownFileType = sourcecode.swift; path = MapViewController.swift; sourceTree = "<group>"; };
		9E94652C20B69FC100CC501A /* CoreLocation.framework */ = {isa = PBXFileReference; lastKnownFileType = wrapper.framework; name = CoreLocation.framework; path = System/Library/Frameworks/CoreLocation.framework; sourceTree = SDKROOT; };
		9E94653420B6C70F00CC501A /* emergencycallalipanhwar-Bridging-Header.h */ = {isa = PBXFileReference; lastKnownFileType = sourcecode.c.h; name = "emergencycallalipanhwar-Bridging-Header.h"; path = "/Users/mohammadalipanhwar/Desktop/emergencycallalipanhwar/emergencycallalipanhwar/emergencycallalipanhwar-Bridging-Header.h"; sourceTree = "<absolute>"; };
		9E99BA4520B41AD600BB5B90 /* verifiationViewController.swift */ = {isa = PBXFileReference; lastKnownFileType = sourcecode.swift; path = verifiationViewController.swift; sourceTree = "<group>"; };
		9E99BA4720B41D8500BB5B90 /* GoogleService-Info.plist */ = {isa = PBXFileReference; fileEncoding = 4; lastKnownFileType = text.plist.xml; name = "GoogleService-Info.plist"; path = "../../../Downloads/GoogleService-Info.plist"; sourceTree = "<group>"; };
		AEAEB8151D26A9E4C83BB986 /* Pods-emergencycallalipanhwar.debug.xcconfig */ = {isa = PBXFileReference; includeInIndex = 1; lastKnownFileType = text.xcconfig; name = "Pods-emergencycallalipanhwar.debug.xcconfig"; path = "Pods/Target Support Files/Pods-emergencycallalipanhwar/Pods-emergencycallalipanhwar.debug.xcconfig"; sourceTree = "<group>"; };
		B4C661A39D95D913B267FA44 /* Pods_emergencycallalipanhwarTests.framework */ = {isa = PBXFileReference; explicitFileType = wrapper.framework; includeInIndex = 0; path = Pods_emergencycallalipanhwarTests.framework; sourceTree = BUILT_PRODUCTS_DIR; };
		B53B8F2C471AFB209B121288 /* Pods_emergencycallalipanhwarUITests.framework */ = {isa = PBXFileReference; explicitFileType = wrapper.framework; includeInIndex = 0; path = Pods_emergencycallalipanhwarUITests.framework; sourceTree = BUILT_PRODUCTS_DIR; };
		C5397C1E367CC0E30E7FB6EB /* Pods-emergencycallalipanhwar.release.xcconfig */ = {isa = PBXFileReference; includeInIndex = 1; lastKnownFileType = text.xcconfig; name = "Pods-emergencycallalipanhwar.release.xcconfig"; path = "Pods/Target Support Files/Pods-emergencycallalipanhwar/Pods-emergencycallalipanhwar.release.xcconfig"; sourceTree = "<group>"; };
		F49B8E1CEFADCC7515B905B6 /* Pods-emergencycallalipanhwarTests.debug.xcconfig */ = {isa = PBXFileReference; includeInIndex = 1; lastKnownFileType = text.xcconfig; name = "Pods-emergencycallalipanhwarTests.debug.xcconfig"; path = "Pods/Target Support Files/Pods-emergencycallalipanhwarTests/Pods-emergencycallalipanhwarTests.debug.xcconfig"; sourceTree = "<group>"; };
/* End PBXFileReference section */

/* Begin PBXFrameworksBuildPhase section */
		9E07B29320B2A8AF000AADD0 /* Frameworks */ = {
			isa = PBXFrameworksBuildPhase;
			buildActionMask = 2147483647;
			files = (
				9E94652D20B69FC100CC501A /* CoreLocation.framework in Frameworks */,
				0192E761C08BDF7384ABC673 /* Pods_emergencycallalipanhwar.framework in Frameworks */,
			);
			runOnlyForDeploymentPostprocessing = 0;
		};
		9E07B2A720B2A8B4000AADD0 /* Frameworks */ = {
			isa = PBXFrameworksBuildPhase;
			buildActionMask = 2147483647;
			files = (
				2C7684E21ACF373D7E2DD974 /* Pods_emergencycallalipanhwarTests.framework in Frameworks */,
			);
			runOnlyForDeploymentPostprocessing = 0;
		};
		9E07B2B220B2A8B4000AADD0 /* Frameworks */ = {
			isa = PBXFrameworksBuildPhase;
			buildActionMask = 2147483647;
			files = (
				929799E3722E77EC68F93B52 /* Pods_emergencycallalipanhwarUITests.framework in Frameworks */,
			);
			runOnlyForDeploymentPostprocessing = 0;
		};
/* End PBXFrameworksBuildPhase section */

/* Begin PBXGroup section */
		4E1B0DB2045F42516B0637CA /* Frameworks */ = {
			isa = PBXGroup;
			children = (
				9E94652C20B69FC100CC501A /* CoreLocation.framework */,
				9A5F0CE470169296BF6B7CAF /* Pods_emergencycallalipanhwar.framework */,
				B4C661A39D95D913B267FA44 /* Pods_emergencycallalipanhwarTests.framework */,
				B53B8F2C471AFB209B121288 /* Pods_emergencycallalipanhwarUITests.framework */,
			);
			name = Frameworks;
			sourceTree = "<group>";
		};
		4E599F0DDD458313935290F8 /* Pods */ = {
			isa = PBXGroup;
			children = (
				AEAEB8151D26A9E4C83BB986 /* Pods-emergencycallalipanhwar.debug.xcconfig */,
				C5397C1E367CC0E30E7FB6EB /* Pods-emergencycallalipanhwar.release.xcconfig */,
				F49B8E1CEFADCC7515B905B6 /* Pods-emergencycallalipanhwarTests.debug.xcconfig */,
				52F77DA403C273FF7D19B3ED /* Pods-emergencycallalipanhwarTests.release.xcconfig */,
				6E63B3180119FA9B401B957B /* Pods-emergencycallalipanhwarUITests.debug.xcconfig */,
				1C8D21FDC0F634EED2E6147C /* Pods-emergencycallalipanhwarUITests.release.xcconfig */,
			);
			name = Pods;
			sourceTree = "<group>";
		};
		9E07B28D20B2A8AF000AADD0 = {
			isa = PBXGroup;
			children = (
				9E07B29820B2A8B0000AADD0 /* emergencycallalipanhwar */,
				9E07B2B820B2A8B4000AADD0 /* emergencycallalipanhwarUITests */,
				9E07B2AD20B2A8B4000AADD0 /* emergencycallalipanhwarTests */,
				9E07B29720B2A8B0000AADD0 /* Products */,
				4E599F0DDD458313935290F8 /* Pods */,
				4E1B0DB2045F42516B0637CA /* Frameworks */,
			);
			sourceTree = "<group>";
		};
		9E07B29720B2A8B0000AADD0 /* Products */ = {
			isa = PBXGroup;
			children = (
				9E07B29620B2A8B0000AADD0 /* emergencycallalipanhwar.app */,
				9E07B2AA20B2A8B4000AADD0 /* emergencycallalipanhwarTests.xctest */,
				9E07B2B520B2A8B4000AADD0 /* emergencycallalipanhwarUITests.xctest */,
			);
			name = Products;
			sourceTree = "<group>";
		};
		9E07B29820B2A8B0000AADD0 /* emergencycallalipanhwar */ = {
			isa = PBXGroup;
			children = (
				9E94653420B6C70F00CC501A /* emergencycallalipanhwar-Bridging-Header.h */,
				9E07B29920B2A8B0000AADD0 /* AppDelegate.swift */,
				9E07B29B20B2A8B0000AADD0 /* ViewController.swift */,
				9E07B29D20B2A8B0000AADD0 /* Main.storyboard */,
				9E4CE619210067E200146824 /* AmbulanceArrivedViewController.swift */,
				9E61CEF320EE322900008766 /* EmergencyRequestViewController.swift */,
				9E8B4FB720EA1FD9004B12C4 /* ProfileViewController.swift */,
				9E94652A20B6916F00CC501A /* MapViewController.swift */,
				9E99BA4520B41AD600BB5B90 /* verifiationViewController.swift */,
				9E727AE520B559C500165659 /* SignUpViewController.swift */,
				9E07B2C920B2C7DB000AADD0 /* countryselectionViewController.swift */,
				9E36312620BD693A00F382A7 /* HistoryViewController.swift */,
				9E7DB7A820C69DEC0089B95F /* DrowerViewController.swift */,
				9E07B2A020B2A8B4000AADD0 /* Assets.xcassets */,
				9E07B2A220B2A8B4000AADD0 /* LaunchScreen.storyboard */,
				9E07B2A520B2A8B4000AADD0 /* Info.plist */,
				9E99BA4720B41D8500BB5B90 /* GoogleService-Info.plist */,
			);
			path = emergencycallalipanhwar;
			sourceTree = "<group>";
		};
		9E07B2AD20B2A8B4000AADD0 /* emergencycallalipanhwarTests */ = {
			isa = PBXGroup;
			children = (
				9E07B2AE20B2A8B4000AADD0 /* emergencycallalipanhwarTests.swift */,
				9E07B2B020B2A8B4000AADD0 /* Info.plist */,
			);
			path = emergencycallalipanhwarTests;
			sourceTree = "<group>";
		};
		9E07B2B820B2A8B4000AADD0 /* emergencycallalipanhwarUITests */ = {
			isa = PBXGroup;
			children = (
				9E07B2B920B2A8B4000AADD0 /* emergencycallalipanhwarUITests.swift */,
				9E07B2BB20B2A8B4000AADD0 /* Info.plist */,
			);
			path = emergencycallalipanhwarUITests;
			sourceTree = "<group>";
		};
/* End PBXGroup section */

/* Begin PBXNativeTarget section */
		9E07B29520B2A8AF000AADD0 /* emergencycallalipanhwar */ = {
			isa = PBXNativeTarget;
			buildConfigurationList = 9E07B2BE20B2A8B4000AADD0 /* Build configuration list for PBXNativeTarget "emergencycallalipanhwar" */;
			buildPhases = (
				D97FFF392E55FF7F58114C3B /* [CP] Check Pods Manifest.lock */,
				9E07B29220B2A8AF000AADD0 /* Sources */,
				9E07B29320B2A8AF000AADD0 /* Frameworks */,
				9E07B29420B2A8AF000AADD0 /* Resources */,
				F9383152E7FF8845C6F9E164 /* [CP] Embed Pods Frameworks */,
				52C79BCBD9456534EC23B950 /* [CP] Copy Pods Resources */,
			);
			buildRules = (
			);
			dependencies = (
			);
			name = emergencycallalipanhwar;
			productName = emergencycallalipanhwar;
			productReference = 9E07B29620B2A8B0000AADD0 /* emergencycallalipanhwar.app */;
			productType = "com.apple.product-type.application";
		};
		9E07B2A920B2A8B4000AADD0 /* emergencycallalipanhwarTests */ = {
			isa = PBXNativeTarget;
			buildConfigurationList = 9E07B2C120B2A8B4000AADD0 /* Build configuration list for PBXNativeTarget "emergencycallalipanhwarTests" */;
			buildPhases = (
				EB94B07AA4923448A3026A8E /* [CP] Check Pods Manifest.lock */,
				9E07B2A620B2A8B4000AADD0 /* Sources */,
				9E07B2A720B2A8B4000AADD0 /* Frameworks */,
				9E07B2A820B2A8B4000AADD0 /* Resources */,
			);
			buildRules = (
			);
			dependencies = (
				9E07B2AC20B2A8B4000AADD0 /* PBXTargetDependency */,
			);
			name = emergencycallalipanhwarTests;
			productName = emergencycallalipanhwarTests;
			productReference = 9E07B2AA20B2A8B4000AADD0 /* emergencycallalipanhwarTests.xctest */;
			productType = "com.apple.product-type.bundle.unit-test";
		};
		9E07B2B420B2A8B4000AADD0 /* emergencycallalipanhwarUITests */ = {
			isa = PBXNativeTarget;
			buildConfigurationList = 9E07B2C420B2A8B4000AADD0 /* Build configuration list for PBXNativeTarget "emergencycallalipanhwarUITests" */;
			buildPhases = (
				0363E2654F65C8E5BC91F4F8 /* [CP] Check Pods Manifest.lock */,
				9E07B2B120B2A8B4000AADD0 /* Sources */,
				9E07B2B220B2A8B4000AADD0 /* Frameworks */,
				9E07B2B320B2A8B4000AADD0 /* Resources */,
			);
			buildRules = (
			);
			dependencies = (
				9E07B2B720B2A8B4000AADD0 /* PBXTargetDependency */,
			);
			name = emergencycallalipanhwarUITests;
			productName = emergencycallalipanhwarUITests;
			productReference = 9E07B2B520B2A8B4000AADD0 /* emergencycallalipanhwarUITests.xctest */;
			productType = "com.apple.product-type.bundle.ui-testing";
		};
/* End PBXNativeTarget section */

/* Begin PBXProject section */
		9E07B28E20B2A8AF000AADD0 /* Project object */ = {
			isa = PBXProject;
			attributes = {
				LastSwiftUpdateCheck = 0930;
				LastUpgradeCheck = 0930;
				ORGANIZATIONNAME = "Mohammad ali panhwar";
				TargetAttributes = {
					9E07B29520B2A8AF000AADD0 = {
						CreatedOnToolsVersion = 9.3;
						LastSwiftMigration = 0930;
						SystemCapabilities = {
							com.apple.Push = {
								enabled = 1;
							};
						};
					};
					9E07B2A920B2A8B4000AADD0 = {
						CreatedOnToolsVersion = 9.3;
						TestTargetID = 9E07B29520B2A8AF000AADD0;
					};
					9E07B2B420B2A8B4000AADD0 = {
						CreatedOnToolsVersion = 9.3;
						TestTargetID = 9E07B29520B2A8AF000AADD0;
					};
				};
			};
			buildConfigurationList = 9E07B29120B2A8AF000AADD0 /* Build configuration list for PBXProject "emergencycallalipanhwar" */;
			compatibilityVersion = "Xcode 9.3";
			developmentRegion = en;
			hasScannedForEncodings = 0;
			knownRegions = (
				en,
				Base,
			);
			mainGroup = 9E07B28D20B2A8AF000AADD0;
			productRefGroup = 9E07B29720B2A8B0000AADD0 /* Products */;
			projectDirPath = "";
			projectRoot = "";
			targets = (
				9E07B29520B2A8AF000AADD0 /* emergencycallalipanhwar */,
				9E07B2A920B2A8B4000AADD0 /* emergencycallalipanhwarTests */,
				9E07B2B420B2A8B4000AADD0 /* emergencycallalipanhwarUITests */,
			);
		};
/* End PBXProject section */

/* Begin PBXResourcesBuildPhase section */
		9E07B29420B2A8AF000AADD0 /* Resources */ = {
			isa = PBXResourcesBuildPhase;
			buildActionMask = 2147483647;
			files = (
				9E07B2A420B2A8B4000AADD0 /* LaunchScreen.storyboard in Resources */,
				9E99BA4820B41D8500BB5B90 /* GoogleService-Info.plist in Resources */,
				9E07B2A120B2A8B4000AADD0 /* Assets.xcassets in Resources */,
				9E07B29F20B2A8B0000AADD0 /* Main.storyboard in Resources */,
			);
			runOnlyForDeploymentPostprocessing = 0;
		};
		9E07B2A820B2A8B4000AADD0 /* Resources */ = {
			isa = PBXResourcesBuildPhase;
			buildActionMask = 2147483647;
			files = (
			);
			runOnlyForDeploymentPostprocessing = 0;
		};
		9E07B2B320B2A8B4000AADD0 /* Resources */ = {
			isa = PBXResourcesBuildPhase;
			buildActionMask = 2147483647;
			files = (
			);
			runOnlyForDeploymentPostprocessing = 0;
		};
/* End PBXResourcesBuildPhase section */

/* Begin PBXShellScriptBuildPhase section */
		0363E2654F65C8E5BC91F4F8 /* [CP] Check Pods Manifest.lock */ = {
			isa = PBXShellScriptBuildPhase;
			buildActionMask = 2147483647;
			files = (
			);
			inputPaths = (
				"${PODS_PODFILE_DIR_PATH}/Podfile.lock",
				"${PODS_ROOT}/Manifest.lock",
			);
			name = "[CP] Check Pods Manifest.lock";
			outputPaths = (
				"$(DERIVED_FILE_DIR)/Pods-emergencycallalipanhwarUITests-checkManifestLockResult.txt",
			);
			runOnlyForDeploymentPostprocessing = 0;
			shellPath = /bin/sh;
			shellScript = "diff \"${PODS_PODFILE_DIR_PATH}/Podfile.lock\" \"${PODS_ROOT}/Manifest.lock\" > /dev/null\nif [ $? != 0 ] ; then\n    # print error to STDERR\n    echo \"error: The sandbox is not in sync with the Podfile.lock. Run 'pod install' or update your CocoaPods installation.\" >&2\n    exit 1\nfi\n# This output is used by Xcode 'outputs' to avoid re-running this script phase.\necho \"SUCCESS\" > \"${SCRIPT_OUTPUT_FILE_0}\"\n";
			showEnvVarsInLog = 0;
		};
		52C79BCBD9456534EC23B950 /* [CP] Copy Pods Resources */ = {
			isa = PBXShellScriptBuildPhase;
			buildActionMask = 2147483647;
			files = (
			);
			inputPaths = (
				"${SRCROOT}/Pods/Target Support Files/Pods-emergencycallalipanhwar/Pods-emergencycallalipanhwar-resources.sh",
				"${PODS_ROOT}/GoogleMaps/Maps/Frameworks/GoogleMaps.framework/Resources/GoogleMaps.bundle",
				"${PODS_ROOT}/GooglePlaces/Frameworks/GooglePlaces.framework/Resources/GooglePlaces.bundle",
			);
			name = "[CP] Copy Pods Resources";
			outputPaths = (
				"${TARGET_BUILD_DIR}/${UNLOCALIZED_RESOURCES_FOLDER_PATH}/GoogleMaps.bundle",
				"${TARGET_BUILD_DIR}/${UNLOCALIZED_RESOURCES_FOLDER_PATH}/GooglePlaces.bundle",
			);
			runOnlyForDeploymentPostprocessing = 0;
			shellPath = /bin/sh;
			shellScript = "\"${SRCROOT}/Pods/Target Support Files/Pods-emergencycallalipanhwar/Pods-emergencycallalipanhwar-resources.sh\"\n";
			showEnvVarsInLog = 0;
		};
		D97FFF392E55FF7F58114C3B /* [CP] Check Pods Manifest.lock */ = {
			isa = PBXShellScriptBuildPhase;
			buildActionMask = 2147483647;
			files = (
			);
			inputPaths = (
				"${PODS_PODFILE_DIR_PATH}/Podfile.lock",
				"${PODS_ROOT}/Manifest.lock",
			);
			name = "[CP] Check Pods Manifest.lock";
			outputPaths = (
				"$(DERIVED_FILE_DIR)/Pods-emergencycallalipanhwar-checkManifestLockResult.txt",
			);
			runOnlyForDeploymentPostprocessing = 0;
			shellPath = /bin/sh;
			shellScript = "diff \"${PODS_PODFILE_DIR_PATH}/Podfile.lock\" \"${PODS_ROOT}/Manifest.lock\" > /dev/null\nif [ $? != 0 ] ; then\n    # print error to STDERR\n    echo \"error: The sandbox is not in sync with the Podfile.lock. Run 'pod install' or update your CocoaPods installation.\" >&2\n    exit 1\nfi\n# This output is used by Xcode 'outputs' to avoid re-running this script phase.\necho \"SUCCESS\" > \"${SCRIPT_OUTPUT_FILE_0}\"\n";
			showEnvVarsInLog = 0;
		};
		EB94B07AA4923448A3026A8E /* [CP] Check Pods Manifest.lock */ = {
			isa = PBXShellScriptBuildPhase;
			buildActionMask = 2147483647;
			files = (
			);
			inputPaths = (
				"${PODS_PODFILE_DIR_PATH}/Podfile.lock",
				"${PODS_ROOT}/Manifest.lock",
			);
			name = "[CP] Check Pods Manifest.lock";
			outputPaths = (
				"$(DERIVED_FILE_DIR)/Pods-emergencycallalipanhwarTests-checkManifestLockResult.txt",
			);
			runOnlyForDeploymentPostprocessing = 0;
			shellPath = /bin/sh;
			shellScript = "diff \"${PODS_PODFILE_DIR_PATH}/Podfile.lock\" \"${PODS_ROOT}/Manifest.lock\" > /dev/null\nif [ $? != 0 ] ; then\n    # print error to STDERR\n    echo \"error: The sandbox is not in sync with the Podfile.lock. Run 'pod install' or update your CocoaPods installation.\" >&2\n    exit 1\nfi\n# This output is used by Xcode 'outputs' to avoid re-running this script phase.\necho \"SUCCESS\" > \"${SCRIPT_OUTPUT_FILE_0}\"\n";
			showEnvVarsInLog = 0;
		};
		F9383152E7FF8845C6F9E164 /* [CP] Embed Pods Frameworks */ = {
			isa = PBXShellScriptBuildPhase;
			buildActionMask = 2147483647;
			files = (
			);
			inputPaths = (
				"${SRCROOT}/Pods/Target Support Files/Pods-emergencycallalipanhwar/Pods-emergencycallalipanhwar-frameworks.sh",
				"${BUILT_PRODUCTS_DIR}/Alamofire/Alamofire.framework",
				"${BUILT_PRODUCTS_DIR}/BEMCheckBox/BEMCheckBox.framework",
				"${BUILT_PRODUCTS_DIR}/CountryPickerView/CountryPickerView.framework",
				"${BUILT_PRODUCTS_DIR}/GTMSessionFetcher/GTMSessionFetcher.framework",
				"${BUILT_PRODUCTS_DIR}/GoogleToolboxForMac/GoogleToolboxForMac.framework",
				"${BUILT_PRODUCTS_DIR}/IQKeyboardManagerSwift/IQKeyboardManagerSwift.framework",
				"${BUILT_PRODUCTS_DIR}/NVActivityIndicatorView/NVActivityIndicatorView.framework",
				"${BUILT_PRODUCTS_DIR}/PubNub/PubNub.framework",
				"${BUILT_PRODUCTS_DIR}/SideMenu/SideMenu.framework",
				"${BUILT_PRODUCTS_DIR}/SwiftyJSON/SwiftyJSON.framework",
				"${BUILT_PRODUCTS_DIR}/leveldb-library/leveldb.framework",
				"${BUILT_PRODUCTS_DIR}/nanopb/nanopb.framework",
			);
			name = "[CP] Embed Pods Frameworks";
			outputPaths = (
				"${TARGET_BUILD_DIR}/${FRAMEWORKS_FOLDER_PATH}/Alamofire.framework",
				"${TARGET_BUILD_DIR}/${FRAMEWORKS_FOLDER_PATH}/BEMCheckBox.framework",
				"${TARGET_BUILD_DIR}/${FRAMEWORKS_FOLDER_PATH}/CountryPickerView.framework",
				"${TARGET_BUILD_DIR}/${FRAMEWORKS_FOLDER_PATH}/GTMSessionFetcher.framework",
				"${TARGET_BUILD_DIR}/${FRAMEWORKS_FOLDER_PATH}/GoogleToolboxForMac.framework",
				"${TARGET_BUILD_DIR}/${FRAMEWORKS_FOLDER_PATH}/IQKeyboardManagerSwift.framework",
				"${TARGET_BUILD_DIR}/${FRAMEWORKS_FOLDER_PATH}/NVActivityIndicatorView.framework",
				"${TARGET_BUILD_DIR}/${FRAMEWORKS_FOLDER_PATH}/PubNub.framework",
				"${TARGET_BUILD_DIR}/${FRAMEWORKS_FOLDER_PATH}/SideMenu.framework",
				"${TARGET_BUILD_DIR}/${FRAMEWORKS_FOLDER_PATH}/SwiftyJSON.framework",
				"${TARGET_BUILD_DIR}/${FRAMEWORKS_FOLDER_PATH}/leveldb.framework",
				"${TARGET_BUILD_DIR}/${FRAMEWORKS_FOLDER_PATH}/nanopb.framework",
			);
			runOnlyForDeploymentPostprocessing = 0;
			shellPath = /bin/sh;
			shellScript = "\"${SRCROOT}/Pods/Target Support Files/Pods-emergencycallalipanhwar/Pods-emergencycallalipanhwar-frameworks.sh\"\n";
			showEnvVarsInLog = 0;
		};
/* End PBXShellScriptBuildPhase section */

/* Begin PBXSourcesBuildPhase section */
		9E07B29220B2A8AF000AADD0 /* Sources */ = {
			isa = PBXSourcesBuildPhase;
			buildActionMask = 2147483647;
			files = (
				9E4CE61A210067E200146824 /* AmbulanceArrivedViewController.swift in Sources */,
				9E07B29C20B2A8B0000AADD0 /* ViewController.swift in Sources */,
				9E94652B20B6916F00CC501A /* MapViewController.swift in Sources */,
				9E61CEF420EE322900008766 /* EmergencyRequestViewController.swift in Sources */,
				9E36312720BD693A00F382A7 /* HistoryViewController.swift in Sources */,
				9E99BA4620B41AD600BB5B90 /* verifiationViewController.swift in Sources */,
				9E8B4FB820EA1FD9004B12C4 /* ProfileViewController.swift in Sources */,
				9E07B29A20B2A8B0000AADD0 /* AppDelegate.swift in Sources */,
				9E07B2CA20B2C7DB000AADD0 /* countryselectionViewController.swift in Sources */,
				9E727AE620B559C500165659 /* SignUpViewController.swift in Sources */,
				9E7DB7A920C69DEC0089B95F /* DrowerViewController.swift in Sources */,
			);
			runOnlyForDeploymentPostprocessing = 0;
		};
		9E07B2A620B2A8B4000AADD0 /* Sources */ = {
			isa = PBXSourcesBuildPhase;
			buildActionMask = 2147483647;
			files = (
				9E07B2AF20B2A8B4000AADD0 /* emergencycallalipanhwarTests.swift in Sources */,
			);
			runOnlyForDeploymentPostprocessing = 0;
		};
		9E07B2B120B2A8B4000AADD0 /* Sources */ = {
			isa = PBXSourcesBuildPhase;
			buildActionMask = 2147483647;
			files = (
				9E07B2BA20B2A8B4000AADD0 /* emergencycallalipanhwarUITests.swift in Sources */,
			);
			runOnlyForDeploymentPostprocessing = 0;
		};
/* End PBXSourcesBuildPhase section */

/* Begin PBXTargetDependency section */
		9E07B2AC20B2A8B4000AADD0 /* PBXTargetDependency */ = {
			isa = PBXTargetDependency;
			target = 9E07B29520B2A8AF000AADD0 /* emergencycallalipanhwar */;
			targetProxy = 9E07B2AB20B2A8B4000AADD0 /* PBXContainerItemProxy */;
		};
		9E07B2B720B2A8B4000AADD0 /* PBXTargetDependency */ = {
			isa = PBXTargetDependency;
			target = 9E07B29520B2A8AF000AADD0 /* emergencycallalipanhwar */;
			targetProxy = 9E07B2B620B2A8B4000AADD0 /* PBXContainerItemProxy */;
		};
/* End PBXTargetDependency section */

/* Begin PBXVariantGroup section */
		9E07B29D20B2A8B0000AADD0 /* Main.storyboard */ = {
			isa = PBXVariantGroup;
			children = (
				9E07B29E20B2A8B0000AADD0 /* Base */,
			);
			name = Main.storyboard;
			sourceTree = "<group>";
		};
		9E07B2A220B2A8B4000AADD0 /* LaunchScreen.storyboard */ = {
			isa = PBXVariantGroup;
			children = (
				9E07B2A320B2A8B4000AADD0 /* Base */,
			);
			name = LaunchScreen.storyboard;
			sourceTree = "<group>";
		};
/* End PBXVariantGroup section */

/* Begin XCBuildConfiguration section */
		9E07B2BC20B2A8B4000AADD0 /* Debug */ = {
			isa = XCBuildConfiguration;
			buildSettings = {
				ALWAYS_SEARCH_USER_PATHS = NO;
				CLANG_ANALYZER_NONNULL = YES;
				CLANG_ANALYZER_NUMBER_OBJECT_CONVERSION = YES_AGGRESSIVE;
				CLANG_CXX_LANGUAGE_STANDARD = "gnu++14";
				CLANG_CXX_LIBRARY = "libc++";
				CLANG_ENABLE_MODULES = YES;
				CLANG_ENABLE_OBJC_ARC = YES;
				CLANG_ENABLE_OBJC_WEAK = YES;
				CLANG_WARN_BLOCK_CAPTURE_AUTORELEASING = YES;
				CLANG_WARN_BOOL_CONVERSION = YES;
				CLANG_WARN_COMMA = YES;
				CLANG_WARN_CONSTANT_CONVERSION = YES;
				CLANG_WARN_DEPRECATED_OBJC_IMPLEMENTATIONS = YES;
				CLANG_WARN_DIRECT_OBJC_ISA_USAGE = YES_ERROR;
				CLANG_WARN_DOCUMENTATION_COMMENTS = YES;
				CLANG_WARN_EMPTY_BODY = YES;
				CLANG_WARN_ENUM_CONVERSION = YES;
				CLANG_WARN_INFINITE_RECURSION = YES;
				CLANG_WARN_INT_CONVERSION = YES;
				CLANG_WARN_NON_LITERAL_NULL_CONVERSION = YES;
				CLANG_WARN_OBJC_IMPLICIT_RETAIN_SELF = YES;
				CLANG_WARN_OBJC_LITERAL_CONVERSION = YES;
				CLANG_WARN_OBJC_ROOT_CLASS = YES_ERROR;
				CLANG_WARN_RANGE_LOOP_ANALYSIS = YES;
				CLANG_WARN_STRICT_PROTOTYPES = YES;
				CLANG_WARN_SUSPICIOUS_MOVE = YES;
				CLANG_WARN_UNGUARDED_AVAILABILITY = YES_AGGRESSIVE;
				CLANG_WARN_UNREACHABLE_CODE = YES;
				CLANG_WARN__DUPLICATE_METHOD_MATCH = YES;
				CODE_SIGN_IDENTITY = "iPhone Developer";
				COPY_PHASE_STRIP = NO;
				DEBUG_INFORMATION_FORMAT = dwarf;
				ENABLE_STRICT_OBJC_MSGSEND = YES;
				ENABLE_TESTABILITY = YES;
				GCC_C_LANGUAGE_STANDARD = gnu11;
				GCC_DYNAMIC_NO_PIC = NO;
				GCC_NO_COMMON_BLOCKS = YES;
				GCC_OPTIMIZATION_LEVEL = 0;
				GCC_PREPROCESSOR_DEFINITIONS = (
					"DEBUG=1",
					"$(inherited)",
				);
				GCC_WARN_64_TO_32_BIT_CONVERSION = YES;
				GCC_WARN_ABOUT_RETURN_TYPE = YES_ERROR;
				GCC_WARN_UNDECLARED_SELECTOR = YES;
				GCC_WARN_UNINITIALIZED_AUTOS = YES_AGGRESSIVE;
				GCC_WARN_UNUSED_FUNCTION = YES;
				GCC_WARN_UNUSED_VARIABLE = YES;
				IPHONEOS_DEPLOYMENT_TARGET = 11.3;
				MTL_ENABLE_DEBUG_INFO = YES;
				ONLY_ACTIVE_ARCH = YES;
				SDKROOT = iphoneos;
				SWIFT_ACTIVE_COMPILATION_CONDITIONS = DEBUG;
				SWIFT_OPTIMIZATION_LEVEL = "-Onone";
			};
			name = Debug;
		};
		9E07B2BD20B2A8B4000AADD0 /* Release */ = {
			isa = XCBuildConfiguration;
			buildSettings = {
				ALWAYS_SEARCH_USER_PATHS = NO;
				CLANG_ANALYZER_NONNULL = YES;
				CLANG_ANALYZER_NUMBER_OBJECT_CONVERSION = YES_AGGRESSIVE;
				CLANG_CXX_LANGUAGE_STANDARD = "gnu++14";
				CLANG_CXX_LIBRARY = "libc++";
				CLANG_ENABLE_MODULES = YES;
				CLANG_ENABLE_OBJC_ARC = YES;
				CLANG_ENABLE_OBJC_WEAK = YES;
				CLANG_WARN_BLOCK_CAPTURE_AUTORELEASING = YES;
				CLANG_WARN_BOOL_CONVERSION = YES;
				CLANG_WARN_COMMA = YES;
				CLANG_WARN_CONSTANT_CONVERSION = YES;
				CLANG_WARN_DEPRECATED_OBJC_IMPLEMENTATIONS = YES;
				CLANG_WARN_DIRECT_OBJC_ISA_USAGE = YES_ERROR;
				CLANG_WARN_DOCUMENTATION_COMMENTS = YES;
				CLANG_WARN_EMPTY_BODY = YES;
				CLANG_WARN_ENUM_CONVERSION = YES;
				CLANG_WARN_INFINITE_RECURSION = YES;
				CLANG_WARN_INT_CONVERSION = YES;
				CLANG_WARN_NON_LITERAL_NULL_CONVERSION = YES;
				CLANG_WARN_OBJC_IMPLICIT_RETAIN_SELF = YES;
				CLANG_WARN_OBJC_LITERAL_CONVERSION = YES;
				CLANG_WARN_OBJC_ROOT_CLASS = YES_ERROR;
				CLANG_WARN_RANGE_LOOP_ANALYSIS = YES;
				CLANG_WARN_STRICT_PROTOTYPES = YES;
				CLANG_WARN_SUSPICIOUS_MOVE = YES;
				CLANG_WARN_UNGUARDED_AVAILABILITY = YES_AGGRESSIVE;
				CLANG_WARN_UNREACHABLE_CODE = YES;
				CLANG_WARN__DUPLICATE_METHOD_MATCH = YES;
				CODE_SIGN_IDENTITY = "iPhone Developer";
				COPY_PHASE_STRIP = NO;
				DEBUG_INFORMATION_FORMAT = "dwarf-with-dsym";
				ENABLE_NS_ASSERTIONS = NO;
				ENABLE_STRICT_OBJC_MSGSEND = YES;
				GCC_C_LANGUAGE_STANDARD = gnu11;
				GCC_NO_COMMON_BLOCKS = YES;
				GCC_WARN_64_TO_32_BIT_CONVERSION = YES;
				GCC_WARN_ABOUT_RETURN_TYPE = YES_ERROR;
				GCC_WARN_UNDECLARED_SELECTOR = YES;
				GCC_WARN_UNINITIALIZED_AUTOS = YES_AGGRESSIVE;
				GCC_WARN_UNUSED_FUNCTION = YES;
				GCC_WARN_UNUSED_VARIABLE = YES;
				IPHONEOS_DEPLOYMENT_TARGET = 11.3;
				MTL_ENABLE_DEBUG_INFO = NO;
				SDKROOT = iphoneos;
				SWIFT_COMPILATION_MODE = wholemodule;
				SWIFT_OPTIMIZATION_LEVEL = "-O";
				VALIDATE_PRODUCT = YES;
			};
			name = Release;
		};
		9E07B2BF20B2A8B4000AADD0 /* Debug */ = {
			isa = XCBuildConfiguration;
			baseConfigurationReference = AEAEB8151D26A9E4C83BB986 /* Pods-emergencycallalipanhwar.debug.xcconfig */;
			buildSettings = {
				ASSETCATALOG_COMPILER_APPICON_NAME = AppIcon;
				CLANG_ENABLE_MODULES = YES;
				CODE_SIGN_ENTITLEMENTS = "";
				CODE_SIGN_IDENTITY = "iPhone Developer";
				CODE_SIGN_STYLE = Automatic;
				DEVELOPMENT_TEAM = 3A47UNX83Q;
				INFOPLIST_FILE = emergencycallalipanhwar/Info.plist;
				IPHONEOS_DEPLOYMENT_TARGET = 10.3;
				LD_RUNPATH_SEARCH_PATHS = (
					"$(inherited)",
					"@executable_path/Frameworks",
				);
				PRODUCT_BUNDLE_IDENTIFIER = alsofttech.emergencycallalipanhwar;
				PRODUCT_NAME = "$(TARGET_NAME)";
				PROVISIONING_PROFILE_SPECIFIER = "";
				SWIFT_OBJC_BRIDGING_HEADER = "emergencycallalipanhwar/emergencycallalipanhwar-Bridging-Header.h";
				SWIFT_OPTIMIZATION_LEVEL = "-Onone";
				SWIFT_VERSION = 4.0;
				TARGETED_DEVICE_FAMILY = "1,2";
			};
			name = Debug;
		};
		9E07B2C020B2A8B4000AADD0 /* Release */ = {
			isa = XCBuildConfiguration;
			baseConfigurationReference = C5397C1E367CC0E30E7FB6EB /* Pods-emergencycallalipanhwar.release.xcconfig */;
			buildSettings = {
				ASSETCATALOG_COMPILER_APPICON_NAME = AppIcon;
				CLANG_ENABLE_MODULES = YES;
				CODE_SIGN_ENTITLEMENTS = "";
				CODE_SIGN_IDENTITY = "iPhone Developer";
				CODE_SIGN_STYLE = Automatic;
				DEVELOPMENT_TEAM = 3A47UNX83Q;
				INFOPLIST_FILE = emergencycallalipanhwar/Info.plist;
				IPHONEOS_DEPLOYMENT_TARGET = 10.3;
				LD_RUNPATH_SEARCH_PATHS = (
					"$(inherited)",
					"@executable_path/Frameworks",
				);
				PRODUCT_BUNDLE_IDENTIFIER = alsofttech.emergencycallalipanhwar;
				PRODUCT_NAME = "$(TARGET_NAME)";
				PROVISIONING_PROFILE_SPECIFIER = "";
				SWIFT_OBJC_BRIDGING_HEADER = "emergencycallalipanhwar/emergencycallalipanhwar-Bridging-Header.h";
				SWIFT_VERSION = 4.0;
				TARGETED_DEVICE_FAMILY = "1,2";
			};
			name = Release;
		};
		9E07B2C220B2A8B4000AADD0 /* Debug */ = {
			isa = XCBuildConfiguration;
			baseConfigurationReference = F49B8E1CEFADCC7515B905B6 /* Pods-emergencycallalipanhwarTests.debug.xcconfig */;
			buildSettings = {
				ALWAYS_EMBED_SWIFT_STANDARD_LIBRARIES = YES;
				BUNDLE_LOADER = "$(TEST_HOST)";
				CODE_SIGN_STYLE = Automatic;
				INFOPLIST_FILE = emergencycallalipanhwarTests/Info.plist;
				LD_RUNPATH_SEARCH_PATHS = (
					"$(inherited)",
					"@executable_path/Frameworks",
					"@loader_path/Frameworks",
				);
				PRODUCT_BUNDLE_IDENTIFIER = alsofttech.emergencycallalipanhwarTests;
				PRODUCT_NAME = "$(TARGET_NAME)";
				SWIFT_VERSION = 4.0;
				TARGETED_DEVICE_FAMILY = "1,2";
				TEST_HOST = "$(BUILT_PRODUCTS_DIR)/emergencycallalipanhwar.app/emergencycallalipanhwar";
			};
			name = Debug;
		};
		9E07B2C320B2A8B4000AADD0 /* Release */ = {
			isa = XCBuildConfiguration;
			baseConfigurationReference = 52F77DA403C273FF7D19B3ED /* Pods-emergencycallalipanhwarTests.release.xcconfig */;
			buildSettings = {
				ALWAYS_EMBED_SWIFT_STANDARD_LIBRARIES = YES;
				BUNDLE_LOADER = "$(TEST_HOST)";
				CODE_SIGN_STYLE = Automatic;
				INFOPLIST_FILE = emergencycallalipanhwarTests/Info.plist;
				LD_RUNPATH_SEARCH_PATHS = (
					"$(inherited)",
					"@executable_path/Frameworks",
					"@loader_path/Frameworks",
				);
				PRODUCT_BUNDLE_IDENTIFIER = alsofttech.emergencycallalipanhwarTests;
				PRODUCT_NAME = "$(TARGET_NAME)";
				SWIFT_VERSION = 4.0;
				TARGETED_DEVICE_FAMILY = "1,2";
				TEST_HOST = "$(BUILT_PRODUCTS_DIR)/emergencycallalipanhwar.app/emergencycallalipanhwar";
			};
			name = Release;
		};
		9E07B2C520B2A8B4000AADD0 /* Debug */ = {
			isa = XCBuildConfiguration;
			baseConfigurationReference = 6E63B3180119FA9B401B957B /* Pods-emergencycallalipanhwarUITests.debug.xcconfig */;
			buildSettings = {
				ALWAYS_EMBED_SWIFT_STANDARD_LIBRARIES = YES;
				CODE_SIGN_STYLE = Automatic;
				INFOPLIST_FILE = emergencycallalipanhwarUITests/Info.plist;
				LD_RUNPATH_SEARCH_PATHS = (
					"$(inherited)",
					"@executable_path/Frameworks",
					"@loader_path/Frameworks",
				);
				PRODUCT_BUNDLE_IDENTIFIER = alsofttech.emergencycallalipanhwarUITests;
				PRODUCT_NAME = "$(TARGET_NAME)";
				SWIFT_VERSION = 4.0;
				TARGETED_DEVICE_FAMILY = "1,2";
				TEST_TARGET_NAME = emergencycallalipanhwar;
			};
			name = Debug;
		};
		9E07B2C620B2A8B4000AADD0 /* Release */ = {
			isa = XCBuildConfiguration;
			baseConfigurationReference = 1C8D21FDC0F634EED2E6147C /* Pods-emergencycallalipanhwarUITests.release.xcconfig */;
			buildSettings = {
				ALWAYS_EMBED_SWIFT_STANDARD_LIBRARIES = YES;
				CODE_SIGN_STYLE = Automatic;
				INFOPLIST_FILE = emergencycallalipanhwarUITests/Info.plist;
				LD_RUNPATH_SEARCH_PATHS = (
					"$(inherited)",
					"@executable_path/Frameworks",
					"@loader_path/Frameworks",
				);
				PRODUCT_BUNDLE_IDENTIFIER = alsofttech.emergencycallalipanhwarUITests;
				PRODUCT_NAME = "$(TARGET_NAME)";
				SWIFT_VERSION = 4.0;
				TARGETED_DEVICE_FAMILY = "1,2";
				TEST_TARGET_NAME = emergencycallalipanhwar;
			};
			name = Release;
		};
/* End XCBuildConfiguration section */

/* Begin XCConfigurationList section */
		9E07B29120B2A8AF000AADD0 /* Build configuration list for PBXProject "emergencycallalipanhwar" */ = {
			isa = XCConfigurationList;
			buildConfigurations = (
				9E07B2BC20B2A8B4000AADD0 /* Debug */,
				9E07B2BD20B2A8B4000AADD0 /* Release */,
			);
			defaultConfigurationIsVisible = 0;
			defaultConfigurationName = Release;
		};
		9E07B2BE20B2A8B4000AADD0 /* Build configuration list for PBXNativeTarget "emergencycallalipanhwar" */ = {
			isa = XCConfigurationList;
			buildConfigurations = (
				9E07B2BF20B2A8B4000AADD0 /* Debug */,
				9E07B2C020B2A8B4000AADD0 /* Release */,
			);
			defaultConfigurationIsVisible = 0;
			defaultConfigurationName = Release;
		};
		9E07B2C120B2A8B4000AADD0 /* Build configuration list for PBXNativeTarget "emergencycallalipanhwarTests" */ = {
			isa = XCConfigurationList;
			buildConfigurations = (
				9E07B2C220B2A8B4000AADD0 /* Debug */,
				9E07B2C320B2A8B4000AADD0 /* Release */,
			);
			defaultConfigurationIsVisible = 0;
			defaultConfigurationName = Release;
		};
		9E07B2C420B2A8B4000AADD0 /* Build configuration list for PBXNativeTarget "emergencycallalipanhwarUITests" */ = {
			isa = XCConfigurationList;
			buildConfigurations = (
				9E07B2C520B2A8B4000AADD0 /* Debug */,
				9E07B2C620B2A8B4000AADD0 /* Release */,
			);
			defaultConfigurationIsVisible = 0;
			defaultConfigurationName = Release;
		};
/* End XCConfigurationList section */
	};
	rootObject = 9E07B28E20B2A8AF000AADD0 /* Project object */;
}
